
Microsoft Visual Studio Solution File, Format Version 12.00
# Visual Studio Version 17
VisualStudioVersion = 17.0.31912.275
MinimumVisualStudioVersion = 10.0.40219.1
Project("{FAE04EC0-301F-11D3-BF4B-00C04F79EFBC}") = "module2pr31s01.Android", "module2pr31s01\module2pr31s01.Android\module2pr31s01.Android.csproj", "{22745674-268C-47D4-8038-0E5160F38869}"
EndProject
Project("{FAE04EC0-301F-11D3-BF4B-00C04F79EFBC}") = "module2pr31s01", "module2pr31s01\module2pr31s01\module2pr31s01.csproj", "{88BDB2E0-E4D6-4FDD-9EC9-4263089936E2}"
EndProject
Global
	GlobalSection(SolutionConfigurationPlatforms) = preSolution
		Debug|Any CPU = Debug|Any CPU
		Release|Any CPU = Release|Any CPU
	EndGlobalSection
	GlobalSection(ProjectConfigurationPlatforms) = postSolution
		{22745674-268C-47D4-8038-0E5160F38869}.Debug|Any CPU.ActiveCfg = Debug|Any CPU
		{22745674-268C-47D4-8038-0E5160F38869}.Debug|Any CPU.Build.0 = Debug|Any CPU
		{22745674-268C-47D4-8038-0E5160F38869}.Debug|Any CPU.Deploy.0 = Debug|Any CPU
		{22745674-268C-47D4-8038-0E5160F38869}.Release|Any CPU.ActiveCfg = Release|Any CPU
		{22745674-268C-47D4-8038-0E5160F38869}.Release|Any CPU.Build.0 = Release|Any CPU
		{22745674-268C-47D4-8038-0E5160F38869}.Release|Any CPU.Deploy.0 = Release|Any CPU
		{88BDB2E0-E4D6-4FDD-9EC9-4263089936E2}.Debug|Any CPU.ActiveCfg = Debug|Any CPU
		{88BDB2E0-E4D6-4FDD-9EC9-4263089936E2}.Debug|Any CPU.Build.0 = Debug|Any CPU
		{88BDB2E0-E4D6-4FDD-9EC9-4263089936E2}.Debug|Any CPU.Deploy.0 = Debug|Any CPU
		{88BDB2E0-E4D6-4FDD-9EC9-4263089936E2}.Release|Any CPU.ActiveCfg = Release|Any CPU
		{88BDB2E0-E4D6-4FDD-9EC9-4263089936E2}.Release|Any CPU.Build.0 = Release|Any CPU
		{88BDB2E0-E4D6-4FDD-9EC9-4263089936E2}.Release|Any CPU.Deploy.0 = Release|Any CPU
	EndGlobalSection
	GlobalSection(SolutionProperties) = preSolution
		HideSolutionNode = FALSE
	EndGlobalSection
	GlobalSection(ExtensibilityGlobals) = postSolution
		SolutionGuid = {F65C54B1-0C42-41F3-AE9D-0CE858A87D57}
	EndGlobalSection
EndGlobal
